
Microsoft Visual Studio Solution File, Format Version 12.00
# Visual Studio 2012
Project("{FAE04EC0-301F-11D3-BF4B-00C04F79EFBC}") = "FantasyFootballCorner", "FantasyFootballCorner\FantasyFootballCorner.csproj", "{73B6E0F2-59BB-4108-A1DB-CE3486504EEB}"
EndProject
Project("{FAE04EC0-301F-11D3-BF4B-00C04F79EFBC}") = "FantasyFootballCorner.Tests", "FantasyFootballCorner.Tests\FantasyFootballCorner.Tests.csproj", "{F687AA59-6FCF-43EC-A799-40A95F13FEBF}"
EndProject
Project("{2150E333-8FDC-42A3-9474-1A3956D46DE8}") = ".nuget", ".nuget", "{F663039F-C392-414C-8C3B-5EDC117E8516}"
	ProjectSection(SolutionItems) = preProject
		.nuget\packages.config = .nuget\packages.config
	EndProjectSection
EndProject
Global
	GlobalSection(SolutionConfigurationPlatforms) = preSolution
		Debug|Any CPU = Debug|Any CPU
		Release|Any CPU = Release|Any CPU
	EndGlobalSection
	GlobalSection(ProjectConfigurationPlatforms) = postSolution
		{73B6E0F2-59BB-4108-A1DB-CE3486504EEB}.Debug|Any CPU.ActiveCfg = Debug|Any CPU
		{73B6E0F2-59BB-4108-A1DB-CE3486504EEB}.Debug|Any CPU.Build.0 = Debug|Any CPU
		{73B6E0F2-59BB-4108-A1DB-CE3486504EEB}.Release|Any CPU.ActiveCfg = Release|Any CPU
		{73B6E0F2-59BB-4108-A1DB-CE3486504EEB}.Release|Any CPU.Build.0 = Release|Any CPU
		{F687AA59-6FCF-43EC-A799-40A95F13FEBF}.Debug|Any CPU.ActiveCfg = Debug|Any CPU
		{F687AA59-6FCF-43EC-A799-40A95F13FEBF}.Debug|Any CPU.Build.0 = Debug|Any CPU
		{F687AA59-6FCF-43EC-A799-40A95F13FEBF}.Release|Any CPU.ActiveCfg = Release|Any CPU
		{F687AA59-6FCF-43EC-A799-40A95F13FEBF}.Release|Any CPU.Build.0 = Release|Any CPU
	EndGlobalSection
	GlobalSection(SolutionProperties) = preSolution
		HideSolutionNode = FALSE
	EndGlobalSection
EndGlobal
